<?xml version="1.0" encoding="utf-8"?>
<Project ToolsVersion="4.0" xmlns="http://schemas.microsoft.com/developer/msbuild/2003">
  <ItemGroup>
    <Filter Include="core">
      <UniqueIdentifier>{7dea67a5-a2de-4e39-94a8-e8f01b6f070f}</UniqueIdentifier>
    </Filter>
    <Filter Include="core\fx">
      <UniqueIdentifier>{c7c87b42-c441-48dc-8d08-ce6e2a6ffa9d}</UniqueIdentifier>
    </Filter>
    <Filter Include="core\hook">
      <UniqueIdentifier>{ed3eb34b-86ef-4bb0-b071-44f1163953bf}</UniqueIdentifier>
    </Filter>
    <Filter Include="core\runtime">
      <UniqueIdentifier>{ecdb23a8-21dc-4334-b5cf-2ea57d27001d}</UniqueIdentifier>
    </Filter>
    <Filter Include="hooks">
      <UniqueIdentifier>{3c3eb495-1eeb-4c7c-b58f-3bbcf24758f6}</UniqueIdentifier>
    </Filter>
    <Filter Include="hooks\d3d9">
      <UniqueIdentifier>{63356f14-45b5-4047-9be1-e7e6e8a3f3e5}</UniqueIdentifier>
    </Filter>
    <Filter Include="hooks\windows">
      <UniqueIdentifier>{ab5a23b3-e97e-4a41-99a1-89c6f1d54b16}</UniqueIdentifier>
    </Filter>
    <Filter Include="resources">
      <UniqueIdentifier>{7f3f7a66-aeb1-4c44-abb4-d7eff03a1247}</UniqueIdentifier>
    </Filter>
    <Filter Include="core\gw2">
      <UniqueIdentifier>{f506fcef-7a96-41d5-a182-12611be2fd19}</UniqueIdentifier>
    </Filter>
  </ItemGroup>
  <ItemGroup>
    <ClCompile Include="source\directory_watcher.cpp">
      <Filter>core</Filter>
    </ClCompile>
    <ClCompile Include="source\filesystem.cpp">
      <Filter>core</Filter>
    </ClCompile>
    <ClCompile Include="source\ini_file.cpp">
      <Filter>core</Filter>
    </ClCompile>
    <ClCompile Include="source\log.cpp">
      <Filter>core</Filter>
    </ClCompile>
    <ClCompile Include="source\resource_loading.cpp">
      <Filter>core</Filter>
    </ClCompile>
    <ClCompile Include="source\constant_folding.cpp">
      <Filter>core\fx</Filter>
    </ClCompile>
    <ClCompile Include="source\lexer.cpp">
      <Filter>core\fx</Filter>
    </ClCompile>
    <ClCompile Include="source\parser.cpp">
      <Filter>core\fx</Filter>
    </ClCompile>
    <ClCompile Include="source\preprocessor.cpp">
      <Filter>core\fx</Filter>
    </ClCompile>
    <ClCompile Include="source\symbol_table.cpp">
      <Filter>core\fx</Filter>
    </ClCompile>
    <ClCompile Include="source\hook.cpp">
      <Filter>core\hook</Filter>
    </ClCompile>
    <ClCompile Include="source\hook_manager.cpp">
      <Filter>core\hook</Filter>
    </ClCompile>
    <ClCompile Include="source\input.cpp">
      <Filter>core\runtime</Filter>
    </ClCompile>
    <ClCompile Include="source\main.cpp">
      <Filter>core\runtime</Filter>
    </ClCompile>
    <ClCompile Include="source\runtime.cpp">
      <Filter>core\runtime</Filter>
    </ClCompile>
    <ClCompile Include="source\runtime_objects.cpp">
      <Filter>core\runtime</Filter>
    </ClCompile>
    <ClCompile Include="source\d3d9\d3d9.cpp">
      <Filter>hooks\d3d9</Filter>
    </ClCompile>
    <ClCompile Include="source\d3d9\d3d9_device.cpp">
      <Filter>hooks\d3d9</Filter>
    </ClCompile>
    <ClCompile Include="source\d3d9\d3d9_effect_compiler.cpp">
      <Filter>hooks\d3d9</Filter>
    </ClCompile>
    <ClCompile Include="source\d3d9\d3d9_runtime.cpp">
      <Filter>hooks\d3d9</Filter>
    </ClCompile>
    <ClCompile Include="source\d3d9\d3d9_swapchain.cpp">
      <Filter>hooks\d3d9</Filter>
    </ClCompile>
    <ClCompile Include="source\windows\user32.cpp">
      <Filter>hooks\windows</Filter>
    </ClCompile>
    <ClCompile Include="source\windows\ws2_32.cpp">
      <Filter>hooks\windows</Filter>
    </ClCompile>
    <ClCompile Include="source\d3d9\hook_gw2.cpp">
      <Filter>hooks\d3d9</Filter>
    </ClCompile>
    <ClCompile Include="source\hash.cpp">
      <Filter>core</Filter>
    </ClCompile>
    <ClCompile Include="source\gw2_sun_moon.cpp">
      <Filter>core\gw2</Filter>
    </ClCompile>
  </ItemGroup>
  <ItemGroup>
    <ClInclude Include="source\com_ptr.hpp">
      <Filter>core</Filter>
    </ClInclude>
    <ClInclude Include="source\critical_section.hpp">
      <Filter>core</Filter>
    </ClInclude>
    <ClInclude Include="source\directory_watcher.hpp">
      <Filter>core</Filter>
    </ClInclude>
    <ClInclude Include="source\filesystem.hpp">
      <Filter>core</Filter>
    </ClInclude>
    <ClInclude Include="source\ini_file.hpp">
      <Filter>core</Filter>
    </ClInclude>
    <ClInclude Include="source\log.hpp">
      <Filter>core</Filter>
    </ClInclude>
    <ClInclude Include="source\moving_average.hpp">
      <Filter>core</Filter>
    </ClInclude>
    <ClInclude Include="source\resource_loading.hpp">
      <Filter>core</Filter>
    </ClInclude>
    <ClInclude Include="source\variant.hpp">
      <Filter>core</Filter>
    </ClInclude>
    <ClInclude Include="source\unicode.hpp">
      <Filter>core</Filter>
    </ClInclude>
    <ClInclude Include="source\constant_folding.hpp">
      <Filter>core\fx</Filter>
    </ClInclude>
    <ClInclude Include="source\lexer.hpp">
      <Filter>core\fx</Filter>
    </ClInclude>
    <ClInclude Include="source\parser.hpp">
      <Filter>core\fx</Filter>
    </ClInclude>
    <ClInclude Include="source\preprocessor.hpp">
      <Filter>core\fx</Filter>
    </ClInclude>
    <ClInclude Include="source\symbol_table.hpp">
      <Filter>core\fx</Filter>
    </ClInclude>
    <ClInclude Include="source\syntax_tree.hpp">
      <Filter>core\fx</Filter>
    </ClInclude>
    <ClInclude Include="source\syntax_tree_nodes.hpp">
      <Filter>core\fx</Filter>
    </ClInclude>
    <ClInclude Include="source\source_location.hpp">
      <Filter>core\fx</Filter>
    </ClInclude>
    <ClInclude Include="source\hook.hpp">
      <Filter>core\hook</Filter>
    </ClInclude>
    <ClInclude Include="source\hook_manager.hpp">
      <Filter>core\hook</Filter>
    </ClInclude>
    <ClInclude Include="source\input.hpp">
      <Filter>core\runtime</Filter>
    </ClInclude>
    <ClInclude Include="source\runtime.hpp">
      <Filter>core\runtime</Filter>
    </ClInclude>
    <ClInclude Include="source\runtime_objects.hpp">
      <Filter>core\runtime</Filter>
    </ClInclude>
    <ClInclude Include="source\d3d9\d3d9.hpp">
      <Filter>hooks\d3d9</Filter>
    </ClInclude>
    <ClInclude Include="source\d3d9\d3d9_effect_compiler.hpp">
      <Filter>hooks\d3d9</Filter>
    </ClInclude>
    <ClInclude Include="source\d3d9\d3d9_device.hpp">
      <Filter>hooks\d3d9</Filter>
    </ClInclude>
    <ClInclude Include="source\d3d9\d3d9_runtime.hpp">
      <Filter>hooks\d3d9</Filter>
    </ClInclude>
    <ClInclude Include="source\d3d9\d3d9_swapchain.hpp">
      <Filter>hooks\d3d9</Filter>
    </ClInclude>
    <ClInclude Include="res\resource.h">
      <Filter>resources</Filter>
    </ClInclude>
    <ClInclude Include="res\version.h">
      <Filter>resources</Filter>
    </ClInclude>
    <ClInclude Include="source\d3d9\hook_gw2.hpp">
      <Filter>hooks\d3d9</Filter>
    </ClInclude>
    <ClInclude Include="source\hash.hpp">
      <Filter>core</Filter>
    </ClInclude>
    <ClInclude Include="source\gw2_sun_moon.hpp">
      <Filter>core\gw2</Filter>
    </ClInclude>
  </ItemGroup>
  <ItemGroup>
    <FxCompile Include="res\shader_copy_ps.hlsl">
      <Filter>resources</Filter>
    </FxCompile>
    <FxCompile Include="res\shader_copy_vs.hlsl">
      <Filter>resources</Filter>
    </FxCompile>
    <FxCompile Include="res\shader_imgui_ps.hlsl">
      <Filter>resources</Filter>
    </FxCompile>
    <FxCompile Include="res\shader_imgui_vs.hlsl">
      <Filter>resources</Filter>
    </FxCompile>
  </ItemGroup>
  <ItemGroup>
    <None Include="res\exports.def">
      <Filter>resources</Filter>
    </None>
    <None Include="res\resource.rc2">
      <Filter>resources</Filter>
    </None>
  </ItemGroup>
  <ItemGroup>
    <ResourceCompile Include="res\resource.rc">
      <Filter>resources</Filter>
    </ResourceCompile>
  </ItemGroup>
</Project>